
Microsoft Visual Studio Solution File, Format Version 12.00
# Visual Studio Version 17
VisualStudioVersion = 17.5.001.0
MinimumVisualStudioVersion = 10.0.40219.1
Project("{9A19103F-16F7-4668-BE54-9A1E7A4F7556}") = "Rastreabilidade", "Rastreabilidade.csproj", "{FAE3EF07-FDD4-47FC-9177-873777D618EB}"
EndProject
Global
	GlobalSection(SolutionConfigurationPlatforms) = preSolution
		Debug|Any CPU = Debug|Any CPU
		Release|Any CPU = Release|Any CPU
	EndGlobalSection
	GlobalSection(ProjectConfigurationPlatforms) = postSolution
		{FAE3EF07-FDD4-47FC-9177-873777D618EB}.Debug|Any CPU.ActiveCfg = Debug|Any CPU
		{FAE3EF07-FDD4-47FC-9177-873777D618EB}.Debug|Any CPU.Build.0 = Debug|Any CPU
		{FAE3EF07-FDD4-47FC-9177-873777D618EB}.Release|Any CPU.ActiveCfg = Release|Any CPU
		{FAE3EF07-FDD4-47FC-9177-873777D618EB}.Release|Any CPU.Build.0 = Release|Any CPU
	EndGlobalSection
	GlobalSection(SolutionProperties) = preSolution
		HideSolutionNode = FALSE
	EndGlobalSection
	GlobalSection(ExtensibilityGlobals) = postSolution
		SolutionGuid = {D48AB069-DC96-489F-9C13-B0447AD4AD11}
	EndGlobalSection
EndGlobal
